// !$*UTF8*$!
{
	archiveVersion = 1;
	classes = {
	};
	objectVersion = 50;
	objects = {

/* Begin PBXBuildFile section */
		AEBE5EA721B5BC8F004E6666 /* AppDelegate.swift in Sources */ = {isa = PBXBuildFile; fileRef = AEBE5EA621B5BC8F004E6666 /* AppDelegate.swift */; };
		AEBE5EA921B5BC8F004E6666 /* ViewController.swift in Sources */ = {isa = PBXBuildFile; fileRef = AEBE5EA821B5BC8F004E6666 /* ViewController.swift */; };
		AEBE5EAC21B5BC8F004E6666 /* Main.storyboard in Resources */ = {isa = PBXBuildFile; fileRef = AEBE5EAA21B5BC8F004E6666 /* Main.storyboard */; };
		AEBE5EAE21B5BC91004E6666 /* Assets.xcassets in Resources */ = {isa = PBXBuildFile; fileRef = AEBE5EAD21B5BC91004E6666 /* Assets.xcassets */; };
		AEBE5EB121B5BC91004E6666 /* LaunchScreen.storyboard in Resources */ = {isa = PBXBuildFile; fileRef = AEBE5EAF21B5BC91004E6666 /* LaunchScreen.storyboard */; };
/* End PBXBuildFile section */

/* Begin PBXFileReference section */
		AEBE5EA321B5BC8F004E6666 /* MoodAnalyzer.app */ = {isa = PBXFileReference; explicitFileType = wrapper.application; includeInIndex = 0; path = MoodAnalyzer.app; sourceTree = BUILT_PRODUCTS_DIR; };
		AEBE5EA621B5BC8F004E6666 /* AppDelegate.swift */ = {isa = PBXFileReference; lastKnownFileType = sourcecode.swift; path = AppDelegate.swift; sourceTree = "<group>"; };
		AEBE5EA821B5BC8F004E6666 /* ViewController.swift */ = {isa = PBXFileReference; lastKnownFileType = sourcecode.swift; path = ViewController.swift; sourceTree = "<group>"; };
		AEBE5EAB21B5BC8F004E6666 /* Base */ = {isa = PBXFileReference; lastKnownFileType = file.storyboard; name = Base; path = Base.lproj/Main.storyboard; sourceTree = "<group>"; };
		AEBE5EAD21B5BC91004E6666 /* Assets.xcassets */ = {isa = PBXFileReference; lastKnownFileType = folder.assetcatalog; path = Assets.xcassets; sourceTree = "<group>"; };
		AEBE5EB021B5BC91004E6666 /* Base */ = {isa = PBXFileReference; lastKnownFileType = file.storyboard; name = Base; path = Base.lproj/LaunchScreen.storyboard; sourceTree = "<group>"; };
		AEBE5EB221B5BC91004E6666 /* Info.plist */ = {isa = PBXFileReference; lastKnownFileType = text.plist.xml; path = Info.plist; sourceTree = "<group>"; };
/* End PBXFileReference section */

/* Begin PBXFrameworksBuildPhase section */
		AEBE5EA021B5BC8F004E6666 /* Frameworks */ = {
			isa = PBXFrameworksBuildPhase;
			buildActionMask = 2147483647;
			files = (
			);
			runOnlyForDeploymentPostprocessing = 0;
		};
/* End PBXFrameworksBuildPhase section */

/* Begin PBXGroup section */
		AEBE5E9A21B5BC8F004E6666 = {
			isa = PBXGroup;
			children = (
				AEBE5EA521B5BC8F004E6666 /* MoodAnalyzer */,
				AEBE5EA421B5BC8F004E6666 /* Products */,
			);
			sourceTree = "<group>";
		};
		AEBE5EA421B5BC8F004E6666 /* Products */ = {
			isa = PBXGroup;
			children = (
				AEBE5EA321B5BC8F004E6666 /* MoodAnalyzer.app */,
			);
			name = Products;
			sourceTree = "<group>";
		};
		AEBE5EA521B5BC8F004E6666 /* MoodAnalyzer */ = {
			isa = PBXGroup;
			children = (
				AEBE5EA621B5BC8F004E6666 /* AppDelegate.swift */,
				AEBE5EA821B5BC8F004E6666 /* ViewController.swift */,
				AEBE5EAA21B5BC8F004E6666 /* Main.storyboard */,
				AEBE5EAD21B5BC91004E6666 /* Assets.xcassets */,
				AEBE5EAF21B5BC91004E6666 /* LaunchScreen.storyboard */,
				AEBE5EB221B5BC91004E6666 /* Info.plist */,
			);
			path = MoodAnalyzer;
			sourceTree = "<group>";
		};
/* End PBXGroup section */

/* Begin PBXNativeTarget section */
		AEBE5EA221B5BC8F004E6666 /* MoodAnalyzer */ = {
			isa = PBXNativeTarget;
			buildConfigurationList = AEBE5EB521B5BC91004E6666 /* Build configuration list for PBXNativeTarget "MoodAnalyzer" */;
			buildPhases = (
				AEBE5E9F21B5BC8F004E6666 /* Sources */,
				AEBE5EA021B5BC8F004E6666 /* Frameworks */,
				AEBE5EA121B5BC8F004E6666 /* Resources */,
			);
			buildRules = (
			);
			dependencies = (
			);
			name = MoodAnalyzer;
			productName = MoodAnalyzer;
			productReference = AEBE5EA321B5BC8F004E6666 /* MoodAnalyzer.app */;
			productType = "com.apple.product-type.application";
		};
/* End PBXNativeTarget section */

/* Begin PBXProject section */
		AEBE5E9B21B5BC8F004E6666 /* Project object */ = {
			isa = PBXProject;
			attributes = {
				LastSwiftUpdateCheck = 1000;
				LastUpgradeCheck = 1000;
				ORGANIZATIONNAME = "Manoj Kulkarni";
				TargetAttributes = {
					AEBE5EA221B5BC8F004E6666 = {
						CreatedOnToolsVersion = 10.0;
					};
				};
			};
			buildConfigurationList = AEBE5E9E21B5BC8F004E6666 /* Build configuration list for PBXProject "MoodAnalyzer" */;
			compatibilityVersion = "Xcode 9.3";
			developmentRegion = en;
			hasScannedForEncodings = 0;
			knownRegions = (
				en,
				Base,
			);
			mainGroup = AEBE5E9A21B5BC8F004E6666;
			productRefGroup = AEBE5EA421B5BC8F004E6666 /* Products */;
			projectDirPath = "";
			projectRoot = "";
			targets = (
				AEBE5EA221B5BC8F004E6666 /* MoodAnalyzer */,
			);
		};
/* End PBXProject section */

/* Begin PBXResourcesBuildPhase section */
		AEBE5EA121B5BC8F004E6666 /* Resources */ = {
			isa = PBXResourcesBuildPhase;
			buildActionMask = 2147483647;
			files = (
				AEBE5EB121B5BC91004E6666 /* LaunchScreen.storyboard in Resources */,
				AEBE5EAE21B5BC91004E6666 /* Assets.xcassets in Resources */,
				AEBE5EAC21B5BC8F004E6666 /* Main.storyboard in Resources */,
			);
			runOnlyForDeploymentPostprocessing = 0;
		};
/* End PBXResourcesBuildPhase section */

/* Begin PBXSourcesBuildPhase section */
		AEBE5E9F21B5BC8F004E6666 /* Sources */ = {
			isa = PBXSourcesBuildPhase;
			buildActionMask = 2147483647;
			files = (
				AEBE5EA921B5BC8F004E6666 /* ViewController.swift in Sources */,
				AEBE5EA721B5BC8F004E6666 /* AppDelegate.swift in Sources */,
			);
			runOnlyForDeploymentPostprocessing = 0;
		};
/* End PBXSourcesBuildPhase section */

/* Begin PBXVariantGroup section */
		AEBE5EAA21B5BC8F004E6666 /* Main.storyboard */ = {
			isa = PBXVariantGroup;
			children = (
				AEBE5EAB21B5BC8F004E6666 /* Base */,
			);
			name = Main.storyboard;
			sourceTree = "<group>";
		};
		AEBE5EAF21B5BC91004E6666 /* LaunchScreen.storyboard */ = {
			isa = PBXVariantGroup;
			children = (
				AEBE5EB021B5BC91004E6666 /* Base */,
			);
			name = LaunchScreen.storyboard;
			sourceTree = "<group>";
		};
/* End PBXVariantGroup section */

/* Begin XCBuildConfiguration section */
		AEBE5EB321B5BC91004E6666 /* Debug */ = {
			isa = XCBuildConfiguration;
			buildSettings = {
				ALWAYS_SEARCH_USER_PATHS = NO;
				CLANG_ANALYZER_NONNULL = YES;
				CLANG_ANALYZER_NUMBER_OBJECT_CONVERSION = YES_AGGRESSIVE;
				CLANG_CXX_LANGUAGE_STANDARD = "gnu++14";
				CLANG_CXX_LIBRARY = "libc++";
				CLANG_ENABLE_MODULES = YES;
				CLANG_ENABLE_OBJC_ARC = YES;
				CLANG_ENABLE_OBJC_WEAK = YES;
				CLANG_WARN_BLOCK_CAPTURE_AUTORELEASING = YES;
				CLANG_WARN_BOOL_CONVERSION = YES;
				CLANG_WARN_COMMA = YES;
				CLANG_WARN_CONSTANT_CONVERSION = YES;
				CLANG_WARN_DEPRECATED_OBJC_IMPLEMENTATIONS = YES;
				CLANG_WARN_DIRECT_OBJC_ISA_USAGE = YES_ERROR;
				CLANG_WARN_DOCUMENTATION_COMMENTS = YES;
				CLANG_WARN_EMPTY_BODY = YES;
				CLANG_WARN_ENUM_CONVERSION = YES;
				CLANG_WARN_INFINITE_RECURSION = YES;
				CLANG_WARN_INT_CONVERSION = YES;
				CLANG_WARN_NON_LITERAL_NULL_CONVERSION = YES;
				CLANG_WARN_OBJC_IMPLICIT_RETAIN_SELF = YES;
				CLANG_WARN_OBJC_LITERAL_CONVERSION = YES;
				CLANG_WARN_OBJC_ROOT_CLASS = YES_ERROR;
				CLANG_WARN_RANGE_LOOP_ANALYSIS = YES;
				CLANG_WARN_STRICT_PROTOTYPES = YES;
				CLANG_WARN_SUSPICIOUS_MOVE = YES;
				CLANG_WARN_UNGUARDED_AVAILABILITY = YES_AGGRESSIVE;
				CLANG_WARN_UNREACHABLE_CODE = YES;
				CLANG_WARN__DUPLICATE_METHOD_MATCH = YES;
				CODE_SIGN_IDENTITY = "iPhone Developer";
				COPY_PHASE_STRIP = NO;
				DEBUG_INFORMATION_FORMAT = dwarf;
				ENABLE_STRICT_OBJC_MSGSEND = YES;
				ENABLE_TESTABILITY = YES;
				GCC_C_LANGUAGE_STANDARD = gnu11;
				GCC_DYNAMIC_NO_PIC = NO;
				GCC_NO_COMMON_BLOCKS = YES;
				GCC_OPTIMIZATION_LEVEL = 0;
				GCC_PREPROCESSOR_DEFINITIONS = (
					"DEBUG=1",
					"$(inherited)",
				);
				GCC_WARN_64_TO_32_BIT_CONVERSION = YES;
				GCC_WARN_ABOUT_RETURN_TYPE = YES_ERROR;
				GCC_WARN_UNDECLARED_SELECTOR = YES;
				GCC_WARN_UNINITIALIZED_AUTOS = YES_AGGRESSIVE;
				GCC_WARN_UNUSED_FUNCTION = YES;
				GCC_WARN_UNUSED_VARIABLE = YES;
				IPHONEOS_DEPLOYMENT_TARGET = 12.0;
				MTL_ENABLE_DEBUG_INFO = INCLUDE_SOURCE;
				MTL_FAST_MATH = YES;
				ONLY_ACTIVE_ARCH = YES;
				SDKROOT = iphoneos;
				SWIFT_ACTIVE_COMPILATION_CONDITIONS = DEBUG;
				SWIFT_OPTIMIZATION_LEVEL = "-Onone";
			};
			name = Debug;
		};
		AEBE5EB421B5BC91004E6666 /* Release */ = {
			isa = XCBuildConfiguration;
			buildSettings = {
				ALWAYS_SEARCH_USER_PATHS = NO;
				CLANG_ANALYZER_NONNULL = YES;
				CLANG_ANALYZER_NUMBER_OBJECT_CONVERSION = YES_AGGRESSIVE;
				CLANG_CXX_LANGUAGE_STANDARD = "gnu++14";
				CLANG_CXX_LIBRARY = "libc++";
				CLANG_ENABLE_MODULES = YES;
				CLANG_ENABLE_OBJC_ARC = YES;
				CLANG_ENABLE_OBJC_WEAK = YES;
				CLANG_WARN_BLOCK_CAPTURE_AUTORELEASING = YES;
				CLANG_WARN_BOOL_CONVERSION = YES;
				CLANG_WARN_COMMA = YES;
				CLANG_WARN_CONSTANT_CONVERSION = YES;
				CLANG_WARN_DEPRECATED_OBJC_IMPLEMENTATIONS = YES;
				CLANG_WARN_DIRECT_OBJC_ISA_USAGE = YES_ERROR;
				CLANG_WARN_DOCUMENTATION_COMMENTS = YES;
				CLANG_WARN_EMPTY_BODY = YES;
				CLANG_WARN_ENUM_CONVERSION = YES;
				CLANG_WARN_INFINITE_RECURSION = YES;
				CLANG_WARN_INT_CONVERSION = YES;
				CLANG_WARN_NON_LITERAL_NULL_CONVERSION = YES;
				CLANG_WARN_OBJC_IMPLICIT_RETAIN_SELF = YES;
				CLANG_WARN_OBJC_LITERAL_CONVERSION = YES;
				CLANG_WARN_OBJC_ROOT_CLASS = YES_ERROR;
				CLANG_WARN_RANGE_LOOP_ANALYSIS = YES;
				CLANG_WARN_STRICT_PROTOTYPES = YES;
				CLANG_WARN_SUSPICIOUS_MOVE = YES;
				CLANG_WARN_UNGUARDED_AVAILABILITY = YES_AGGRESSIVE;
				CLANG_WARN_UNREACHABLE_CODE = YES;
				CLANG_WARN__DUPLICATE_METHOD_MATCH = YES;
				CODE_SIGN_IDENTITY = "iPhone Developer";
				COPY_PHASE_STRIP = NO;
				DEBUG_INFORMATION_FORMAT = "dwarf-with-dsym";
				ENABLE_NS_ASSERTIONS = NO;
				ENABLE_STRICT_OBJC_MSGSEND = YES;
				GCC_C_LANGUAGE_STANDARD = gnu11;
				GCC_NO_COMMON_BLOCKS = YES;
				GCC_WARN_64_TO_32_BIT_CONVERSION = YES;
				GCC_WARN_ABOUT_RETURN_TYPE = YES_ERROR;
				GCC_WARN_UNDECLARED_SELECTOR = YES;
				GCC_WARN_UNINITIALIZED_AUTOS = YES_AGGRESSIVE;
				GCC_WARN_UNUSED_FUNCTION = YES;
				GCC_WARN_UNUSED_VARIABLE = YES;
				IPHONEOS_DEPLOYMENT_TARGET = 12.0;
				MTL_ENABLE_DEBUG_INFO = NO;
				MTL_FAST_MATH = YES;
				SDKROOT = iphoneos;
				SWIFT_COMPILATION_MODE = wholemodule;
				SWIFT_OPTIMIZATION_LEVEL = "-O";
				VALIDATE_PRODUCT = YES;
			};
			name = Release;
		};
		AEBE5EB621B5BC91004E6666 /* Debug */ = {
			isa = XCBuildConfiguration;
			buildSettings = {
				ASSETCATALOG_COMPILER_APPICON_NAME = AppIcon;
				CODE_SIGN_STYLE = Automatic;
				DEVELOPMENT_TEAM = FZ5NFCMB53;
				INFOPLIST_FILE = MoodAnalyzer/Info.plist;
				LD_RUNPATH_SEARCH_PATHS = (
					"$(inherited)",
					"@executable_path/Frameworks",
				);
				PRODUCT_BUNDLE_IDENTIFIER = com.mnjpk.MoodAnalyzer;
				PRODUCT_NAME = "$(TARGET_NAME)";
				SWIFT_VERSION = 4.2;
				TARGETED_DEVICE_FAMILY = "1,2";
			};
			name = Debug;
		};
		AEBE5EB721B5BC91004E6666 /* Release */ = {
			isa = XCBuildConfiguration;
			buildSettings = {
				ASSETCATALOG_COMPILER_APPICON_NAME = AppIcon;
				CODE_SIGN_STYLE = Automatic;
				DEVELOPMENT_TEAM = FZ5NFCMB53;
				INFOPLIST_FILE = MoodAnalyzer/Info.plist;
				LD_RUNPATH_SEARCH_PATHS = (
					"$(inherited)",
					"@executable_path/Frameworks",
				);
				PRODUCT_BUNDLE_IDENTIFIER = com.mnjpk.MoodAnalyzer;
				PRODUCT_NAME = "$(TARGET_NAME)";
				SWIFT_VERSION = 4.2;
				TARGETED_DEVICE_FAMILY = "1,2";
			};
			name = Release;
		};
/* End XCBuildConfiguration section */

/* Begin XCConfigurationList section */
		AEBE5E9E21B5BC8F004E6666 /* Build configuration list for PBXProject "MoodAnalyzer" */ = {
			isa = XCConfigurationList;
			buildConfigurations = (
				AEBE5EB321B5BC91004E6666 /* Debug */,
				AEBE5EB421B5BC91004E6666 /* Release */,
			);
			defaultConfigurationIsVisible = 0;
			defaultConfigurationName = Release;
		};
		AEBE5EB521B5BC91004E6666 /* Build configuration list for PBXNativeTarget "MoodAnalyzer" */ = {
			isa = XCConfigurationList;
			buildConfigurations = (
				AEBE5EB621B5BC91004E6666 /* Debug */,
				AEBE5EB721B5BC91004E6666 /* Release */,
			);
			defaultConfigurationIsVisible = 0;
			defaultConfigurationName = Release;
		};
/* End XCConfigurationList section */
	};
	rootObject = AEBE5E9B21B5BC8F004E6666 /* Project object */;
}
